{
  "name": "Vigilant",
  "lockfileVersion": 3,
  "requires": true,
  "packages": {
    "": {
      "dependencies": {
        "@seucra/matrix-sdk-bridge": "^0.1.0"
      }
    },
    "node_modules/@seucra/matrix-sdk-bridge": {
      "version": "0.1.0",
      "resolved": "https://registry.npmjs.org/@seucra/matrix-sdk-bridge/-/matrix-sdk-bridge-0.1.0.tgz",
      "integrity": "sha512-G3kqmv+f6dve+44zpY2v5bSs4Ky5kAyQ8ohT9/VU5l4JqMtOICKfBjUvU3SwHwhBUimSvVSUTiszREN5p3e0Zg==",
      "license": "MIT"
    }
  }
}
